
Microsoft Visual Studio Solution File, Format Version 12.00
# Visual Studio Version 16
VisualStudioVersion = 16.0.31129.286
MinimumVisualStudioVersion = 10.0.40219.1
Project("{FAE04EC0-301F-11D3-BF4B-00C04F79EFBC}") = "WareHome", "WareHome\WareHome.csproj", "{EF06DFFA-4BA7-4D60-8619-EF30B670BB92}"
EndProject
Project("{FAE04EC0-301F-11D3-BF4B-00C04F79EFBC}") = "WareHome Logic", "WareHome Logic\WareHome Logic.csproj", "{9D331757-D271-4C3F-BAC7-5420F9B49742}"
EndProject
Project("{FAE04EC0-301F-11D3-BF4B-00C04F79EFBC}") = "DatabaseAccess", "DatabaseAccess\DatabaseAccess.csproj", "{7D8D10EF-2D05-42DC-8909-F38EE4C91071}"
EndProject
Project("{FAE04EC0-301F-11D3-BF4B-00C04F79EFBC}") = "PredviđanjePotrošnje", "PredviđanjePotrošnje\PredviđanjePotrošnje.csproj", "{2A9FCE3D-5407-4810-959B-980D47F2B6C2}"
EndProject
Global
	GlobalSection(SolutionConfigurationPlatforms) = preSolution
		Debug|Any CPU = Debug|Any CPU
		Release|Any CPU = Release|Any CPU
	EndGlobalSection
	GlobalSection(ProjectConfigurationPlatforms) = postSolution
		{EF06DFFA-4BA7-4D60-8619-EF30B670BB92}.Debug|Any CPU.ActiveCfg = Debug|Any CPU
		{EF06DFFA-4BA7-4D60-8619-EF30B670BB92}.Debug|Any CPU.Build.0 = Debug|Any CPU
		{EF06DFFA-4BA7-4D60-8619-EF30B670BB92}.Release|Any CPU.ActiveCfg = Release|Any CPU
		{EF06DFFA-4BA7-4D60-8619-EF30B670BB92}.Release|Any CPU.Build.0 = Release|Any CPU
		{9D331757-D271-4C3F-BAC7-5420F9B49742}.Debug|Any CPU.ActiveCfg = Debug|Any CPU
		{9D331757-D271-4C3F-BAC7-5420F9B49742}.Debug|Any CPU.Build.0 = Debug|Any CPU
		{9D331757-D271-4C3F-BAC7-5420F9B49742}.Release|Any CPU.ActiveCfg = Release|Any CPU
		{9D331757-D271-4C3F-BAC7-5420F9B49742}.Release|Any CPU.Build.0 = Release|Any CPU
		{7D8D10EF-2D05-42DC-8909-F38EE4C91071}.Debug|Any CPU.ActiveCfg = Debug|Any CPU
		{7D8D10EF-2D05-42DC-8909-F38EE4C91071}.Debug|Any CPU.Build.0 = Debug|Any CPU
		{7D8D10EF-2D05-42DC-8909-F38EE4C91071}.Release|Any CPU.ActiveCfg = Release|Any CPU
		{7D8D10EF-2D05-42DC-8909-F38EE4C91071}.Release|Any CPU.Build.0 = Release|Any CPU
		{2A9FCE3D-5407-4810-959B-980D47F2B6C2}.Debug|Any CPU.ActiveCfg = Debug|Any CPU
		{2A9FCE3D-5407-4810-959B-980D47F2B6C2}.Debug|Any CPU.Build.0 = Debug|Any CPU
		{2A9FCE3D-5407-4810-959B-980D47F2B6C2}.Release|Any CPU.ActiveCfg = Release|Any CPU
		{2A9FCE3D-5407-4810-959B-980D47F2B6C2}.Release|Any CPU.Build.0 = Release|Any CPU
	EndGlobalSection
	GlobalSection(SolutionProperties) = preSolution
		HideSolutionNode = FALSE
	EndGlobalSection
	GlobalSection(ExtensibilityGlobals) = postSolution
		SolutionGuid = {4C1D822D-D912-4205-955A-D47ACAA6874D}
	EndGlobalSection
EndGlobal
